
Microsoft Visual Studio Solution File, Format Version 12.00
Project("{FAE04EC0-301F-11D3-BF4B-00C04F79EFBC}") = "Backuper", "src\Backuper.csproj", "{34114149-CB87-4333-8C71-8F26834991BB}"
EndProject
Project("{2150E333-8FDC-42A3-9474-1A3956D46DE8}") = "src", "src", "{BC3AA04D-CFD1-434A-A51B-FF881690DD6C}"
EndProject
Project("{2150E333-8FDC-42A3-9474-1A3956D46DE8}") = "tests", "tests", "{15046B7A-2A3E-461D-89B2-0CAFD478C470}"
EndProject
Project("{FAE04EC0-301F-11D3-BF4B-00C04F79EFBC}") = "UnitTests", "tests\UnitTests\UnitTests.csproj", "{46EC1ADD-24D2-4766-A2E5-96977D52EAB0}"
EndProject
Project("{2150E333-8FDC-42A3-9474-1A3956D46DE8}") = "Solution Items", "Solution Items", "{C44DB457-6BE3-47DC-9652-969818DDAA25}"
ProjectSection(SolutionItems) = preProject
	yandex oauth.md = yandex oauth.md
	readme.md = readme.md
	.dockerignore = .dockerignore
	Dockerfile = Dockerfile
EndProjectSection
EndProject
Global
	GlobalSection(SolutionConfigurationPlatforms) = preSolution
		Debug|Any CPU = Debug|Any CPU
		Release|Any CPU = Release|Any CPU
	EndGlobalSection
	GlobalSection(ProjectConfigurationPlatforms) = postSolution
		{34114149-CB87-4333-8C71-8F26834991BB}.Debug|Any CPU.ActiveCfg = Debug|Any CPU
		{34114149-CB87-4333-8C71-8F26834991BB}.Debug|Any CPU.Build.0 = Debug|Any CPU
		{34114149-CB87-4333-8C71-8F26834991BB}.Release|Any CPU.ActiveCfg = Release|Any CPU
		{34114149-CB87-4333-8C71-8F26834991BB}.Release|Any CPU.Build.0 = Release|Any CPU
		{46EC1ADD-24D2-4766-A2E5-96977D52EAB0}.Debug|Any CPU.ActiveCfg = Debug|Any CPU
		{46EC1ADD-24D2-4766-A2E5-96977D52EAB0}.Debug|Any CPU.Build.0 = Debug|Any CPU
		{46EC1ADD-24D2-4766-A2E5-96977D52EAB0}.Release|Any CPU.ActiveCfg = Release|Any CPU
		{46EC1ADD-24D2-4766-A2E5-96977D52EAB0}.Release|Any CPU.Build.0 = Release|Any CPU
	EndGlobalSection
	GlobalSection(NestedProjects) = preSolution
		{34114149-CB87-4333-8C71-8F26834991BB} = {BC3AA04D-CFD1-434A-A51B-FF881690DD6C}
		{46EC1ADD-24D2-4766-A2E5-96977D52EAB0} = {15046B7A-2A3E-461D-89B2-0CAFD478C470}
	EndGlobalSection
EndGlobal
